// !$*UTF8*$!
{
	archiveVersion = 1;
	classes = {
	};
	objectVersion = 46;
	objects = {

/* Begin PBXBuildFile section */
		2BEC5ACD9630FD60DC27A8F3 /* Pods_WHYLocalPicker.framework in Frameworks */ = {isa = PBXBuildFile; fileRef = F96A784692F82E4D0B5CD164 /* Pods_WHYLocalPicker.framework */; };
		7A734D654282C2920D077296 /* Pods_WHYLocalPickerUITests.framework in Frameworks */ = {isa = PBXBuildFile; fileRef = 310DD149239E34576402F55B /* Pods_WHYLocalPickerUITests.framework */; };
		90CD71651D37931F00261B72 /* AppDelegate.swift in Sources */ = {isa = PBXBuildFile; fileRef = 90CD71641D37931F00261B72 /* AppDelegate.swift */; };
		90CD71671D37931F00261B72 /* ViewController.swift in Sources */ = {isa = PBXBuildFile; fileRef = 90CD71661D37931F00261B72 /* ViewController.swift */; };
		90CD716A1D37931F00261B72 /* Main.storyboard in Resources */ = {isa = PBXBuildFile; fileRef = 90CD71681D37931F00261B72 /* Main.storyboard */; };
		90CD716C1D37931F00261B72 /* Assets.xcassets in Resources */ = {isa = PBXBuildFile; fileRef = 90CD716B1D37931F00261B72 /* Assets.xcassets */; };
		90CD716F1D37931F00261B72 /* LaunchScreen.storyboard in Resources */ = {isa = PBXBuildFile; fileRef = 90CD716D1D37931F00261B72 /* LaunchScreen.storyboard */; };
		90CD717A1D37931F00261B72 /* WHYLocalPickerUITests.swift in Sources */ = {isa = PBXBuildFile; fileRef = 90CD71791D37931F00261B72 /* WHYLocalPickerUITests.swift */; };
		90CD71891D37936D00261B72 /* LocalController.swift in Sources */ = {isa = PBXBuildFile; fileRef = 90CD71851D37936D00261B72 /* LocalController.swift */; };
		90CD718A1D37936D00261B72 /* LocalCustomAnimator.swift in Sources */ = {isa = PBXBuildFile; fileRef = 90CD71861D37936D00261B72 /* LocalCustomAnimator.swift */; };
		90CD718B1D37936D00261B72 /* LocalListController.swift in Sources */ = {isa = PBXBuildFile; fileRef = 90CD71871D37936D00261B72 /* LocalListController.swift */; };
		90CD718C1D37936D00261B72 /* LocalPresentationController.swift in Sources */ = {isa = PBXBuildFile; fileRef = 90CD71881D37936D00261B72 /* LocalPresentationController.swift */; };
		90E570C51D3E1A9600E5DB25 /* LocalIndicatorButton.swift in Sources */ = {isa = PBXBuildFile; fileRef = 90E570C41D3E1A9600E5DB25 /* LocalIndicatorButton.swift */; };
		90F9384B1D45B237000579FE /* CustomLIstCell.swift in Sources */ = {isa = PBXBuildFile; fileRef = 90F9384A1D45B237000579FE /* CustomLIstCell.swift */; };
/* End PBXBuildFile section */

/* Begin PBXContainerItemProxy section */
		90CD71761D37931F00261B72 /* PBXContainerItemProxy */ = {
			isa = PBXContainerItemProxy;
			containerPortal = 90CD71591D37931F00261B72 /* Project object */;
			proxyType = 1;
			remoteGlobalIDString = 90CD71601D37931F00261B72;
			remoteInfo = WHYLocalPicker;
		};
/* End PBXContainerItemProxy section */

/* Begin PBXFileReference section */
		0E0DC61B63DCE3EEFF8DA861 /* Pods-WHYLocalPickerUITests.release.xcconfig */ = {isa = PBXFileReference; includeInIndex = 1; lastKnownFileType = text.xcconfig; name = "Pods-WHYLocalPickerUITests.release.xcconfig"; path = "Pods/Target Support Files/Pods-WHYLocalPickerUITests/Pods-WHYLocalPickerUITests.release.xcconfig"; sourceTree = "<group>"; };
		1A085A9D59F7F7E626572F12 /* Pods-WHYLocalPickerUITests.debug.xcconfig */ = {isa = PBXFileReference; includeInIndex = 1; lastKnownFileType = text.xcconfig; name = "Pods-WHYLocalPickerUITests.debug.xcconfig"; path = "Pods/Target Support Files/Pods-WHYLocalPickerUITests/Pods-WHYLocalPickerUITests.debug.xcconfig"; sourceTree = "<group>"; };
		310DD149239E34576402F55B /* Pods_WHYLocalPickerUITests.framework */ = {isa = PBXFileReference; explicitFileType = wrapper.framework; includeInIndex = 0; path = Pods_WHYLocalPickerUITests.framework; sourceTree = BUILT_PRODUCTS_DIR; };
		48899CB75537A6C65D1CEE25 /* Pods-WHYLocalPicker.release.xcconfig */ = {isa = PBXFileReference; includeInIndex = 1; lastKnownFileType = text.xcconfig; name = "Pods-WHYLocalPicker.release.xcconfig"; path = "Pods/Target Support Files/Pods-WHYLocalPicker/Pods-WHYLocalPicker.release.xcconfig"; sourceTree = "<group>"; };
		7D99E21A35B1FCC21189A3C9 /* Pods-WHYLocalPicker.debug.xcconfig */ = {isa = PBXFileReference; includeInIndex = 1; lastKnownFileType = text.xcconfig; name = "Pods-WHYLocalPicker.debug.xcconfig"; path = "Pods/Target Support Files/Pods-WHYLocalPicker/Pods-WHYLocalPicker.debug.xcconfig"; sourceTree = "<group>"; };
		90CD71611D37931F00261B72 /* WHYLocalPicker.app */ = {isa = PBXFileReference; explicitFileType = wrapper.application; includeInIndex = 0; path = WHYLocalPicker.app; sourceTree = BUILT_PRODUCTS_DIR; };
		90CD71641D37931F00261B72 /* AppDelegate.swift */ = {isa = PBXFileReference; lastKnownFileType = sourcecode.swift; path = AppDelegate.swift; sourceTree = "<group>"; };
		90CD71661D37931F00261B72 /* ViewController.swift */ = {isa = PBXFileReference; lastKnownFileType = sourcecode.swift; path = ViewController.swift; sourceTree = "<group>"; };
		90CD71691D37931F00261B72 /* Base */ = {isa = PBXFileReference; lastKnownFileType = file.storyboard; name = Base; path = Base.lproj/Main.storyboard; sourceTree = "<group>"; };
		90CD716B1D37931F00261B72 /* Assets.xcassets */ = {isa = PBXFileReference; lastKnownFileType = folder.assetcatalog; path = Assets.xcassets; sourceTree = "<group>"; };
		90CD716E1D37931F00261B72 /* Base */ = {isa = PBXFileReference; lastKnownFileType = file.storyboard; name = Base; path = Base.lproj/LaunchScreen.storyboard; sourceTree = "<group>"; };
		90CD71701D37931F00261B72 /* Info.plist */ = {isa = PBXFileReference; lastKnownFileType = text.plist.xml; path = Info.plist; sourceTree = "<group>"; };
		90CD71751D37931F00261B72 /* WHYLocalPickerUITests.xctest */ = {isa = PBXFileReference; explicitFileType = wrapper.cfbundle; includeInIndex = 0; path = WHYLocalPickerUITests.xctest; sourceTree = BUILT_PRODUCTS_DIR; };
		90CD71791D37931F00261B72 /* WHYLocalPickerUITests.swift */ = {isa = PBXFileReference; lastKnownFileType = sourcecode.swift; path = WHYLocalPickerUITests.swift; sourceTree = "<group>"; };
		90CD717B1D37931F00261B72 /* Info.plist */ = {isa = PBXFileReference; lastKnownFileType = text.plist.xml; path = Info.plist; sourceTree = "<group>"; };
		90CD71851D37936D00261B72 /* LocalController.swift */ = {isa = PBXFileReference; fileEncoding = 4; lastKnownFileType = sourcecode.swift; path = LocalController.swift; sourceTree = "<group>"; };
		90CD71861D37936D00261B72 /* LocalCustomAnimator.swift */ = {isa = PBXFileReference; fileEncoding = 4; lastKnownFileType = sourcecode.swift; path = LocalCustomAnimator.swift; sourceTree = "<group>"; };
		90CD71871D37936D00261B72 /* LocalListController.swift */ = {isa = PBXFileReference; fileEncoding = 4; lastKnownFileType = sourcecode.swift; path = LocalListController.swift; sourceTree = "<group>"; };
		90CD71881D37936D00261B72 /* LocalPresentationController.swift */ = {isa = PBXFileReference; fileEncoding = 4; lastKnownFileType = sourcecode.swift; path = LocalPresentationController.swift; sourceTree = "<group>"; };
		90CD718D1D3796CD00261B72 /* WHYLocalPicker-Bridging-Header.h */ = {isa = PBXFileReference; lastKnownFileType = sourcecode.c.h; path = "WHYLocalPicker-Bridging-Header.h"; sourceTree = "<group>"; };
		90E570C41D3E1A9600E5DB25 /* LocalIndicatorButton.swift */ = {isa = PBXFileReference; fileEncoding = 4; lastKnownFileType = sourcecode.swift; path = LocalIndicatorButton.swift; sourceTree = "<group>"; };
		90F9384A1D45B237000579FE /* CustomLIstCell.swift */ = {isa = PBXFileReference; fileEncoding = 4; lastKnownFileType = sourcecode.swift; path = CustomLIstCell.swift; sourceTree = "<group>"; };
		F96A784692F82E4D0B5CD164 /* Pods_WHYLocalPicker.framework */ = {isa = PBXFileReference; explicitFileType = wrapper.framework; includeInIndex = 0; path = Pods_WHYLocalPicker.framework; sourceTree = BUILT_PRODUCTS_DIR; };
/* End PBXFileReference section */

/* Begin PBXFrameworksBuildPhase section */
		90CD715E1D37931F00261B72 /* Frameworks */ = {
			isa = PBXFrameworksBuildPhase;
			buildActionMask = 2147483647;
			files = (
				2BEC5ACD9630FD60DC27A8F3 /* Pods_WHYLocalPicker.framework in Frameworks */,
			);
			runOnlyForDeploymentPostprocessing = 0;
		};
		90CD71721D37931F00261B72 /* Frameworks */ = {
			isa = PBXFrameworksBuildPhase;
			buildActionMask = 2147483647;
			files = (
				7A734D654282C2920D077296 /* Pods_WHYLocalPickerUITests.framework in Frameworks */,
			);
			runOnlyForDeploymentPostprocessing = 0;
		};
/* End PBXFrameworksBuildPhase section */

/* Begin PBXGroup section */
		90CD71581D37931F00261B72 = {
			isa = PBXGroup;
			children = (
				90CD71631D37931F00261B72 /* WHYLocalPicker */,
				90CD71781D37931F00261B72 /* WHYLocalPickerUITests */,
				90CD71621D37931F00261B72 /* Products */,
				FE13B54D5FA53548AFBD3816 /* Pods */,
				A4EB648754AF05949690491B /* Frameworks */,
			);
			sourceTree = "<group>";
		};
		90CD71621D37931F00261B72 /* Products */ = {
			isa = PBXGroup;
			children = (
				90CD71611D37931F00261B72 /* WHYLocalPicker.app */,
				90CD71751D37931F00261B72 /* WHYLocalPickerUITests.xctest */,
			);
			name = Products;
			sourceTree = "<group>";
		};
		90CD71631D37931F00261B72 /* WHYLocalPicker */ = {
			isa = PBXGroup;
			children = (
				90CD71841D37936D00261B72 /* LocalPIcker */,
				90CD71641D37931F00261B72 /* AppDelegate.swift */,
				90CD71661D37931F00261B72 /* ViewController.swift */,
				90F9384A1D45B237000579FE /* CustomLIstCell.swift */,
				90CD71681D37931F00261B72 /* Main.storyboard */,
				90CD716B1D37931F00261B72 /* Assets.xcassets */,
				90CD716D1D37931F00261B72 /* LaunchScreen.storyboard */,
				90CD71701D37931F00261B72 /* Info.plist */,
				90CD718D1D3796CD00261B72 /* WHYLocalPicker-Bridging-Header.h */,
			);
			path = WHYLocalPicker;
			sourceTree = "<group>";
		};
		90CD71781D37931F00261B72 /* WHYLocalPickerUITests */ = {
			isa = PBXGroup;
			children = (
				90CD71791D37931F00261B72 /* WHYLocalPickerUITests.swift */,
				90CD717B1D37931F00261B72 /* Info.plist */,
			);
			path = WHYLocalPickerUITests;
			sourceTree = "<group>";
		};
		90CD71841D37936D00261B72 /* LocalPIcker */ = {
			isa = PBXGroup;
			children = (
				90CD71851D37936D00261B72 /* LocalController.swift */,
				90CD71871D37936D00261B72 /* LocalListController.swift */,
				90E570C41D3E1A9600E5DB25 /* LocalIndicatorButton.swift */,
				90CD71861D37936D00261B72 /* LocalCustomAnimator.swift */,
				90CD71881D37936D00261B72 /* LocalPresentationController.swift */,
			);
			path = LocalPIcker;
			sourceTree = "<group>";
		};
		A4EB648754AF05949690491B /* Frameworks */ = {
			isa = PBXGroup;
			children = (
				F96A784692F82E4D0B5CD164 /* Pods_WHYLocalPicker.framework */,
				310DD149239E34576402F55B /* Pods_WHYLocalPickerUITests.framework */,
			);
			name = Frameworks;
			sourceTree = "<group>";
		};
		FE13B54D5FA53548AFBD3816 /* Pods */ = {
			isa = PBXGroup;
			children = (
				7D99E21A35B1FCC21189A3C9 /* Pods-WHYLocalPicker.debug.xcconfig */,
				48899CB75537A6C65D1CEE25 /* Pods-WHYLocalPicker.release.xcconfig */,
				1A085A9D59F7F7E626572F12 /* Pods-WHYLocalPickerUITests.debug.xcconfig */,
				0E0DC61B63DCE3EEFF8DA861 /* Pods-WHYLocalPickerUITests.release.xcconfig */,
			);
			name = Pods;
			sourceTree = "<group>";
		};
/* End PBXGroup section */

/* Begin PBXNativeTarget section */
		90CD71601D37931F00261B72 /* WHYLocalPicker */ = {
			isa = PBXNativeTarget;
			buildConfigurationList = 90CD717E1D37931F00261B72 /* Build configuration list for PBXNativeTarget "WHYLocalPicker" */;
			buildPhases = (
				746FEAB455306B81546758D4 /* [CP] Check Pods Manifest.lock */,
				90CD715D1D37931F00261B72 /* Sources */,
				90CD715E1D37931F00261B72 /* Frameworks */,
				90CD715F1D37931F00261B72 /* Resources */,
				0335C443DF5548C1EF98984D /* [CP] Embed Pods Frameworks */,
				575FBE22B686654296616866 /* [CP] Copy Pods Resources */,
			);
			buildRules = (
			);
			dependencies = (
			);
			name = WHYLocalPicker;
			productName = WHYLocalPicker;
			productReference = 90CD71611D37931F00261B72 /* WHYLocalPicker.app */;
			productType = "com.apple.product-type.application";
		};
		90CD71741D37931F00261B72 /* WHYLocalPickerUITests */ = {
			isa = PBXNativeTarget;
			buildConfigurationList = 90CD71811D37931F00261B72 /* Build configuration list for PBXNativeTarget "WHYLocalPickerUITests" */;
			buildPhases = (
				E9EDE8D6748717E0989375DE /* [CP] Check Pods Manifest.lock */,
				90CD71711D37931F00261B72 /* Sources */,
				90CD71721D37931F00261B72 /* Frameworks */,
				90CD71731D37931F00261B72 /* Resources */,
				71CCBE3C303A49AFEE7B8A3B /* [CP] Copy Pods Resources */,
			);
			buildRules = (
			);
			dependencies = (
				90CD71771D37931F00261B72 /* PBXTargetDependency */,
			);
			name = WHYLocalPickerUITests;
			productName = WHYLocalPickerUITests;
			productReference = 90CD71751D37931F00261B72 /* WHYLocalPickerUITests.xctest */;
			productType = "com.apple.product-type.bundle.ui-testing";
		};
/* End PBXNativeTarget section */

/* Begin PBXProject section */
		90CD71591D37931F00261B72 /* Project object */ = {
			isa = PBXProject;
			attributes = {
				LastSwiftUpdateCheck = 0730;
				LastUpgradeCheck = 0800;
				ORGANIZATIONNAME = "王洪运";
				TargetAttributes = {
					90CD71601D37931F00261B72 = {
						CreatedOnToolsVersion = 7.3.1;
						DevelopmentTeam = X74A69AXHU;
						LastSwiftMigration = 0800;
					};
					90CD71741D37931F00261B72 = {
						CreatedOnToolsVersion = 7.3.1;
						DevelopmentTeam = X74A69AXHU;
						LastSwiftMigration = 0800;
						TestTargetID = 90CD71601D37931F00261B72;
					};
				};
			};
			buildConfigurationList = 90CD715C1D37931F00261B72 /* Build configuration list for PBXProject "WHYLocalPicker" */;
			compatibilityVersion = "Xcode 3.2";
			developmentRegion = English;
			hasScannedForEncodings = 0;
			knownRegions = (
				en,
				Base,
			);
			mainGroup = 90CD71581D37931F00261B72;
			productRefGroup = 90CD71621D37931F00261B72 /* Products */;
			projectDirPath = "";
			projectRoot = "";
			targets = (
				90CD71601D37931F00261B72 /* WHYLocalPicker */,
				90CD71741D37931F00261B72 /* WHYLocalPickerUITests */,
			);
		};
/* End PBXProject section */

/* Begin PBXResourcesBuildPhase section */
		90CD715F1D37931F00261B72 /* Resources */ = {
			isa = PBXResourcesBuildPhase;
			buildActionMask = 2147483647;
			files = (
				90CD716F1D37931F00261B72 /* LaunchScreen.storyboard in Resources */,
				90CD716C1D37931F00261B72 /* Assets.xcassets in Resources */,
				90CD716A1D37931F00261B72 /* Main.storyboard in Resources */,
			);
			runOnlyForDeploymentPostprocessing = 0;
		};
		90CD71731D37931F00261B72 /* Resources */ = {
			isa = PBXResourcesBuildPhase;
			buildActionMask = 2147483647;
			files = (
			);
			runOnlyForDeploymentPostprocessing = 0;
		};
/* End PBXResourcesBuildPhase section */

/* Begin PBXShellScriptBuildPhase section */
		0335C443DF5548C1EF98984D /* [CP] Embed Pods Frameworks */ = {
			isa = PBXShellScriptBuildPhase;
			buildActionMask = 2147483647;
			files = (
			);
			inputPaths = (
			);
			name = "[CP] Embed Pods Frameworks";
			outputPaths = (
			);
			runOnlyForDeploymentPostprocessing = 0;
			shellPath = /bin/sh;
			shellScript = "\"${SRCROOT}/Pods/Target Support Files/Pods-WHYLocalPicker/Pods-WHYLocalPicker-frameworks.sh\"\n";
			showEnvVarsInLog = 0;
		};
		575FBE22B686654296616866 /* [CP] Copy Pods Resources */ = {
			isa = PBXShellScriptBuildPhase;
			buildActionMask = 2147483647;
			files = (
			);
			inputPaths = (
			);
			name = "[CP] Copy Pods Resources";
			outputPaths = (
			);
			runOnlyForDeploymentPostprocessing = 0;
			shellPath = /bin/sh;
			shellScript = "\"${SRCROOT}/Pods/Target Support Files/Pods-WHYLocalPicker/Pods-WHYLocalPicker-resources.sh\"\n";
			showEnvVarsInLog = 0;
		};
		71CCBE3C303A49AFEE7B8A3B /* [CP] Copy Pods Resources */ = {
			isa = PBXShellScriptBuildPhase;
			buildActionMask = 2147483647;
			files = (
			);
			inputPaths = (
			);
			name = "[CP] Copy Pods Resources";
			outputPaths = (
			);
			runOnlyForDeploymentPostprocessing = 0;
			shellPath = /bin/sh;
			shellScript = "\"${SRCROOT}/Pods/Target Support Files/Pods-WHYLocalPickerUITests/Pods-WHYLocalPickerUITests-resources.sh\"\n";
			showEnvVarsInLog = 0;
		};
		746FEAB455306B81546758D4 /* [CP] Check Pods Manifest.lock */ = {
			isa = PBXShellScriptBuildPhase;
			buildActionMask = 2147483647;
			files = (
			);
			inputPaths = (
			);
			name = "[CP] Check Pods Manifest.lock";
			outputPaths = (
			);
			runOnlyForDeploymentPostprocessing = 0;
			shellPath = /bin/sh;
			shellScript = "diff \"${PODS_ROOT}/../Podfile.lock\" \"${PODS_ROOT}/Manifest.lock\" > /dev/null\nif [[ $? != 0 ]] ; then\n    cat << EOM\nerror: The sandbox is not in sync with the Podfile.lock. Run 'pod install' or update your CocoaPods installation.\nEOM\n    exit 1\nfi\n";
			showEnvVarsInLog = 0;
		};
		E9EDE8D6748717E0989375DE /* [CP] Check Pods Manifest.lock */ = {
			isa = PBXShellScriptBuildPhase;
			buildActionMask = 2147483647;
			files = (
			);
			inputPaths = (
			);
			name = "[CP] Check Pods Manifest.lock";
			outputPaths = (
			);
			runOnlyForDeploymentPostprocessing = 0;
			shellPath = /bin/sh;
			shellScript = "diff \"${PODS_ROOT}/../Podfile.lock\" \"${PODS_ROOT}/Manifest.lock\" > /dev/null\nif [[ $? != 0 ]] ; then\n    cat << EOM\nerror: The sandbox is not in sync with the Podfile.lock. Run 'pod install' or update your CocoaPods installation.\nEOM\n    exit 1\nfi\n";
			showEnvVarsInLog = 0;
		};
/* End PBXShellScriptBuildPhase section */

/* Begin PBXSourcesBuildPhase section */
		90CD715D1D37931F00261B72 /* Sources */ = {
			isa = PBXSourcesBuildPhase;
			buildActionMask = 2147483647;
			files = (
				90CD71671D37931F00261B72 /* ViewController.swift in Sources */,
				90CD718A1D37936D00261B72 /* LocalCustomAnimator.swift in Sources */,
				90E570C51D3E1A9600E5DB25 /* LocalIndicatorButton.swift in Sources */,
				90CD71651D37931F00261B72 /* AppDelegate.swift in Sources */,
				90CD718B1D37936D00261B72 /* LocalListController.swift in Sources */,
				90CD71891D37936D00261B72 /* LocalController.swift in Sources */,
				90F9384B1D45B237000579FE /* CustomLIstCell.swift in Sources */,
				90CD718C1D37936D00261B72 /* LocalPresentationController.swift in Sources */,
			);
			runOnlyForDeploymentPostprocessing = 0;
		};
		90CD71711D37931F00261B72 /* Sources */ = {
			isa = PBXSourcesBuildPhase;
			buildActionMask = 2147483647;
			files = (
				90CD717A1D37931F00261B72 /* WHYLocalPickerUITests.swift in Sources */,
			);
			runOnlyForDeploymentPostprocessing = 0;
		};
/* End PBXSourcesBuildPhase section */

/* Begin PBXTargetDependency section */
		90CD71771D37931F00261B72 /* PBXTargetDependency */ = {
			isa = PBXTargetDependency;
			target = 90CD71601D37931F00261B72 /* WHYLocalPicker */;
			targetProxy = 90CD71761D37931F00261B72 /* PBXContainerItemProxy */;
		};
/* End PBXTargetDependency section */

/* Begin PBXVariantGroup section */
		90CD71681D37931F00261B72 /* Main.storyboard */ = {
			isa = PBXVariantGroup;
			children = (
				90CD71691D37931F00261B72 /* Base */,
			);
			name = Main.storyboard;
			sourceTree = "<group>";
		};
		90CD716D1D37931F00261B72 /* LaunchScreen.storyboard */ = {
			isa = PBXVariantGroup;
			children = (
				90CD716E1D37931F00261B72 /* Base */,
			);
			name = LaunchScreen.storyboard;
			sourceTree = "<group>";
		};
/* End PBXVariantGroup section */

/* Begin XCBuildConfiguration section */
		90CD717C1D37931F00261B72 /* Debug */ = {
			isa = XCBuildConfiguration;
			buildSettings = {
				ALWAYS_SEARCH_USER_PATHS = NO;
				CLANG_ANALYZER_NONNULL = YES;
				CLANG_CXX_LANGUAGE_STANDARD = "gnu++0x";
				CLANG_CXX_LIBRARY = "libc++";
				CLANG_ENABLE_MODULES = YES;
				CLANG_ENABLE_OBJC_ARC = YES;
				CLANG_WARN_BOOL_CONVERSION = YES;
				CLANG_WARN_CONSTANT_CONVERSION = YES;
				CLANG_WARN_DIRECT_OBJC_ISA_USAGE = YES_ERROR;
				CLANG_WARN_EMPTY_BODY = YES;
				CLANG_WARN_ENUM_CONVERSION = YES;
				CLANG_WARN_INFINITE_RECURSION = YES;
				CLANG_WARN_INT_CONVERSION = YES;
				CLANG_WARN_OBJC_ROOT_CLASS = YES_ERROR;
				CLANG_WARN_SUSPICIOUS_MOVE = YES;
				CLANG_WARN_UNREACHABLE_CODE = YES;
				CLANG_WARN__DUPLICATE_METHOD_MATCH = YES;
				"CODE_SIGN_IDENTITY[sdk=iphoneos*]" = "iPhone Developer";
				COPY_PHASE_STRIP = NO;
				DEBUG_INFORMATION_FORMAT = dwarf;
				ENABLE_STRICT_OBJC_MSGSEND = YES;
				ENABLE_TESTABILITY = YES;
				GCC_C_LANGUAGE_STANDARD = gnu99;
				GCC_DYNAMIC_NO_PIC = NO;
				GCC_NO_COMMON_BLOCKS = YES;
				GCC_OPTIMIZATION_LEVEL = 0;
				GCC_PREPROCESSOR_DEFINITIONS = (
					"DEBUG=1",
					"$(inherited)",
				);
				GCC_WARN_64_TO_32_BIT_CONVERSION = YES;
				GCC_WARN_ABOUT_RETURN_TYPE = YES_ERROR;
				GCC_WARN_UNDECLARED_SELECTOR = YES;
				GCC_WARN_UNINITIALIZED_AUTOS = YES_AGGRESSIVE;
				GCC_WARN_UNUSED_FUNCTION = YES;
				GCC_WARN_UNUSED_VARIABLE = YES;
				IPHONEOS_DEPLOYMENT_TARGET = 10.0;
				MTL_ENABLE_DEBUG_INFO = YES;
				ONLY_ACTIVE_ARCH = YES;
				SDKROOT = iphoneos;
				SWIFT_OPTIMIZATION_LEVEL = "-Onone";
			};
			name = Debug;
		};
		90CD717D1D37931F00261B72 /* Release */ = {
			isa = XCBuildConfiguration;
			buildSettings = {
				ALWAYS_SEARCH_USER_PATHS = NO;
				CLANG_ANALYZER_NONNULL = YES;
				CLANG_CXX_LANGUAGE_STANDARD = "gnu++0x";
				CLANG_CXX_LIBRARY = "libc++";
				CLANG_ENABLE_MODULES = YES;
				CLANG_ENABLE_OBJC_ARC = YES;
				CLANG_WARN_BOOL_CONVERSION = YES;
				CLANG_WARN_CONSTANT_CONVERSION = YES;
				CLANG_WARN_DIRECT_OBJC_ISA_USAGE = YES_ERROR;
				CLANG_WARN_EMPTY_BODY = YES;
				CLANG_WARN_ENUM_CONVERSION = YES;
				CLANG_WARN_INFINITE_RECURSION = YES;
				CLANG_WARN_INT_CONVERSION = YES;
				CLANG_WARN_OBJC_ROOT_CLASS = YES_ERROR;
				CLANG_WARN_SUSPICIOUS_MOVE = YES;
				CLANG_WARN_UNREACHABLE_CODE = YES;
				CLANG_WARN__DUPLICATE_METHOD_MATCH = YES;
				"CODE_SIGN_IDENTITY[sdk=iphoneos*]" = "iPhone Developer";
				COPY_PHASE_STRIP = NO;
				DEBUG_INFORMATION_FORMAT = "dwarf-with-dsym";
				ENABLE_NS_ASSERTIONS = NO;
				ENABLE_STRICT_OBJC_MSGSEND = YES;
				GCC_C_LANGUAGE_STANDARD = gnu99;
				GCC_NO_COMMON_BLOCKS = YES;
				GCC_WARN_64_TO_32_BIT_CONVERSION = YES;
				GCC_WARN_ABOUT_RETURN_TYPE = YES_ERROR;
				GCC_WARN_UNDECLARED_SELECTOR = YES;
				GCC_WARN_UNINITIALIZED_AUTOS = YES_AGGRESSIVE;
				GCC_WARN_UNUSED_FUNCTION = YES;
				GCC_WARN_UNUSED_VARIABLE = YES;
				IPHONEOS_DEPLOYMENT_TARGET = 10.0;
				MTL_ENABLE_DEBUG_INFO = NO;
				SDKROOT = iphoneos;
				SWIFT_OPTIMIZATION_LEVEL = "-Owholemodule";
				VALIDATE_PRODUCT = YES;
			};
			name = Release;
		};
		90CD717F1D37931F00261B72 /* Debug */ = {
			isa = XCBuildConfiguration;
			baseConfigurationReference = 7D99E21A35B1FCC21189A3C9 /* Pods-WHYLocalPicker.debug.xcconfig */;
			buildSettings = {
				ALWAYS_EMBED_SWIFT_STANDARD_LIBRARIES = YES;
				ASSETCATALOG_COMPILER_APPICON_NAME = AppIcon;
				CLANG_ENABLE_MODULES = YES;
				DEVELOPMENT_TEAM = X74A69AXHU;
				INFOPLIST_FILE = WHYLocalPicker/Info.plist;
				IPHONEOS_DEPLOYMENT_TARGET = 10.0;
				LD_RUNPATH_SEARCH_PATHS = "$(inherited) @executable_path/Frameworks";
				PRODUCT_BUNDLE_IDENTIFIER = why.WHYLocalPicker;
				PRODUCT_NAME = "$(TARGET_NAME)";
				SWIFT_OBJC_BRIDGING_HEADER = "WHYLocalPicker/WHYLocalPicker-Bridging-Header.h";
				SWIFT_OPTIMIZATION_LEVEL = "-Onone";
				SWIFT_VERSION = 3.0;
			};
			name = Debug;
		};
		90CD71801D37931F00261B72 /* Release */ = {
			isa = XCBuildConfiguration;
			baseConfigurationReference = 48899CB75537A6C65D1CEE25 /* Pods-WHYLocalPicker.release.xcconfig */;
			buildSettings = {
				ALWAYS_EMBED_SWIFT_STANDARD_LIBRARIES = YES;
				ASSETCATALOG_COMPILER_APPICON_NAME = AppIcon;
				CLANG_ENABLE_MODULES = YES;
				DEVELOPMENT_TEAM = X74A69AXHU;
				INFOPLIST_FILE = WHYLocalPicker/Info.plist;
				IPHONEOS_DEPLOYMENT_TARGET = 10.0;
				LD_RUNPATH_SEARCH_PATHS = "$(inherited) @executable_path/Frameworks";
				PRODUCT_BUNDLE_IDENTIFIER = why.WHYLocalPicker;
				PRODUCT_NAME = "$(TARGET_NAME)";
				SWIFT_OBJC_BRIDGING_HEADER = "WHYLocalPicker/WHYLocalPicker-Bridging-Header.h";
				SWIFT_VERSION = 3.0;
			};
			name = Release;
		};
		90CD71821D37931F00261B72 /* Debug */ = {
			isa = XCBuildConfiguration;
			baseConfigurationReference = 1A085A9D59F7F7E626572F12 /* Pods-WHYLocalPickerUITests.debug.xcconfig */;
			buildSettings = {
				DEVELOPMENT_TEAM = X74A69AXHU;
				INFOPLIST_FILE = WHYLocalPickerUITests/Info.plist;
				LD_RUNPATH_SEARCH_PATHS = "$(inherited) @executable_path/Frameworks @loader_path/Frameworks";
				PRODUCT_BUNDLE_IDENTIFIER = why.WHYLocalPickerUITests;
				PRODUCT_NAME = "$(TARGET_NAME)";
				SWIFT_VERSION = 3.0;
				TEST_TARGET_NAME = WHYLocalPicker;
			};
			name = Debug;
		};
		90CD71831D37931F00261B72 /* Release */ = {
			isa = XCBuildConfiguration;
			baseConfigurationReference = 0E0DC61B63DCE3EEFF8DA861 /* Pods-WHYLocalPickerUITests.release.xcconfig */;
			buildSettings = {
				DEVELOPMENT_TEAM = X74A69AXHU;
				INFOPLIST_FILE = WHYLocalPickerUITests/Info.plist;
				LD_RUNPATH_SEARCH_PATHS = "$(inherited) @executable_path/Frameworks @loader_path/Frameworks";
				PRODUCT_BUNDLE_IDENTIFIER = why.WHYLocalPickerUITests;
				PRODUCT_NAME = "$(TARGET_NAME)";
				SWIFT_VERSION = 3.0;
				TEST_TARGET_NAME = WHYLocalPicker;
			};
			name = Release;
		};
/* End XCBuildConfiguration section */

/* Begin XCConfigurationList section */
		90CD715C1D37931F00261B72 /* Build configuration list for PBXProject "WHYLocalPicker" */ = {
			isa = XCConfigurationList;
			buildConfigurations = (
				90CD717C1D37931F00261B72 /* Debug */,
				90CD717D1D37931F00261B72 /* Release */,
			);
			defaultConfigurationIsVisible = 0;
			defaultConfigurationName = Release;
		};
		90CD717E1D37931F00261B72 /* Build configuration list for PBXNativeTarget "WHYLocalPicker" */ = {
			isa = XCConfigurationList;
			buildConfigurations = (
				90CD717F1D37931F00261B72 /* Debug */,
				90CD71801D37931F00261B72 /* Release */,
			);
			defaultConfigurationIsVisible = 0;
			defaultConfigurationName = Release;
		};
		90CD71811D37931F00261B72 /* Build configuration list for PBXNativeTarget "WHYLocalPickerUITests" */ = {
			isa = XCConfigurationList;
			buildConfigurations = (
				90CD71821D37931F00261B72 /* Debug */,
				90CD71831D37931F00261B72 /* Release */,
			);
			defaultConfigurationIsVisible = 0;
			defaultConfigurationName = Release;
		};
/* End XCConfigurationList section */
	};
	rootObject = 90CD71591D37931F00261B72 /* Project object */;
}
